
Microsoft Visual Studio Solution File, Format Version 12.00
# Visual Studio Version 16
VisualStudioVersion = 16.0.29926.136
MinimumVisualStudioVersion = 10.0.40219.1
Project("{9A19103F-16F7-4668-BE54-9A1E7A4F7556}") = "GrpcGreeterClient", "GrpcGreeterClient\GrpcGreeterClient.csproj", "{2880B8DE-81A9-49B4-814E-E3D53FF7A414}"
EndProject
Project("{FAE04EC0-301F-11D3-BF4B-00C04F79EFBC}") = "ClientPostComment", "InterfataClient\ClientPostComment.csproj", "{0E4929F3-D8DF-4190-AC69-9D5DA6382DAA}"
EndProject
Global
	GlobalSection(SolutionConfigurationPlatforms) = preSolution
		Debug|Any CPU = Debug|Any CPU
		Release|Any CPU = Release|Any CPU
	EndGlobalSection
	GlobalSection(ProjectConfigurationPlatforms) = postSolution
		{2880B8DE-81A9-49B4-814E-E3D53FF7A414}.Debug|Any CPU.ActiveCfg = Debug|Any CPU
		{2880B8DE-81A9-49B4-814E-E3D53FF7A414}.Debug|Any CPU.Build.0 = Debug|Any CPU
		{2880B8DE-81A9-49B4-814E-E3D53FF7A414}.Release|Any CPU.ActiveCfg = Release|Any CPU
		{2880B8DE-81A9-49B4-814E-E3D53FF7A414}.Release|Any CPU.Build.0 = Release|Any CPU
		{0E4929F3-D8DF-4190-AC69-9D5DA6382DAA}.Debug|Any CPU.ActiveCfg = Debug|Any CPU
		{0E4929F3-D8DF-4190-AC69-9D5DA6382DAA}.Debug|Any CPU.Build.0 = Debug|Any CPU
		{0E4929F3-D8DF-4190-AC69-9D5DA6382DAA}.Release|Any CPU.ActiveCfg = Release|Any CPU
		{0E4929F3-D8DF-4190-AC69-9D5DA6382DAA}.Release|Any CPU.Build.0 = Release|Any CPU
	EndGlobalSection
	GlobalSection(SolutionProperties) = preSolution
		HideSolutionNode = FALSE
	EndGlobalSection
	GlobalSection(ExtensibilityGlobals) = postSolution
		SolutionGuid = {0904711B-4F1C-4EA1-9A80-98177FA659AC}
	EndGlobalSection
EndGlobal
